
Microsoft Visual Studio Solution File, Format Version 12.00
# Visual Studio Version 17
VisualStudioVersion = 17.0.31912.275
MinimumVisualStudioVersion = 10.0.40219.1
Project("{FAE04EC0-301F-11D3-BF4B-00C04F79EFBC}") = "UI", "UI\UI.csproj", "{42FD49C3-0D67-4FD2-B92D-0FADB5BF3586}"
EndProject
Project("{FAE04EC0-301F-11D3-BF4B-00C04F79EFBC}") = "Data", "Data\Data.csproj", "{E4E7D3DC-B53A-4543-BE0F-AA65238DBA7F}"
EndProject
Project("{2150E333-8FDC-42A3-9474-1A3956D46DE8}") = "Solution Items", "Solution Items", "{76FC3DE0-8228-4DD8-9649-44F4F09CA38E}"
	ProjectSection(SolutionItems) = preProject
		Readme.md = Readme.md
	EndProjectSection
EndProject
Global
	GlobalSection(SolutionConfigurationPlatforms) = preSolution
		Debug|Any CPU = Debug|Any CPU
		Release|Any CPU = Release|Any CPU
	EndGlobalSection
	GlobalSection(ProjectConfigurationPlatforms) = postSolution
		{42FD49C3-0D67-4FD2-B92D-0FADB5BF3586}.Debug|Any CPU.ActiveCfg = Debug|Any CPU
		{42FD49C3-0D67-4FD2-B92D-0FADB5BF3586}.Debug|Any CPU.Build.0 = Debug|Any CPU
		{42FD49C3-0D67-4FD2-B92D-0FADB5BF3586}.Release|Any CPU.ActiveCfg = Release|Any CPU
		{42FD49C3-0D67-4FD2-B92D-0FADB5BF3586}.Release|Any CPU.Build.0 = Release|Any CPU
		{E4E7D3DC-B53A-4543-BE0F-AA65238DBA7F}.Debug|Any CPU.ActiveCfg = Debug|Any CPU
		{E4E7D3DC-B53A-4543-BE0F-AA65238DBA7F}.Debug|Any CPU.Build.0 = Debug|Any CPU
		{E4E7D3DC-B53A-4543-BE0F-AA65238DBA7F}.Release|Any CPU.ActiveCfg = Release|Any CPU
		{E4E7D3DC-B53A-4543-BE0F-AA65238DBA7F}.Release|Any CPU.Build.0 = Release|Any CPU
	EndGlobalSection
	GlobalSection(SolutionProperties) = preSolution
		HideSolutionNode = FALSE
	EndGlobalSection
	GlobalSection(ExtensibilityGlobals) = postSolution
		SolutionGuid = {CFFDE393-A03B-4127-80B6-9DFE6EDCC33E}
	EndGlobalSection
EndGlobal
